Microsoft Visual Studio Solution File, Format Version 12.00
# Visual Studio Version 17
VisualStudioVersion = 17.0.31903.59
MinimumVisualStudioVersion = 10.0.40219.1
Project("{FAE04EC0-301F-11D3-BF4B-00C04F79EFBC}") = "CodexVoiceInput.App", "src\VoiceInput.App\VoiceInput.App.csproj", "{A84F7087-0F61-4F85-8E7E-645C535E2BA1}"
EndProject
Project("{FAE04EC0-301F-11D3-BF4B-00C04F79EFBC}") = "CodexVoiceInput.Core", "src\VoiceInput.Core\VoiceInput.Core.csproj", "{BBBF9988-83AA-42A6-A548-4726774ACCB2}"
EndProject
Project("{FAE04EC0-301F-11D3-BF4B-00C04F79EFBC}") = "CodexVoiceInput.Protocol", "src\VoiceInput.Protocol\VoiceInput.Protocol.csproj", "{3B11943E-6E95-4D2D-8069-F11EBA0AF049}"
EndProject
Project("{8BC9CEB8-8B4A-11D0-8D11-00A0C91BC942}") = "CodexVoiceInput.Native", "src\VoiceInput.Native\VoiceInput.Native.vcxproj", "{9D0643BD-927B-488A-8AE8-2D7E2D173736}"
EndProject
Project("{8BC9CEB8-8B4A-11D0-8D11-00A0C91BC942}") = "CodexVoiceInput.Tsf", "src\VoiceInput.Tsf\VoiceInput.Tsf.vcxproj", "{C6D19B11-B9F3-4B39-B20A-52CC182C61A8}"
EndProject
Global
	GlobalSection(SolutionConfigurationPlatforms) = preSolution
		Debug|x64 = Debug|x64
		Release|x64 = Release|x64
	EndGlobalSection
	GlobalSection(ProjectConfigurationPlatforms) = postSolution
		{A84F7087-0F61-4F85-8E7E-645C535E2BA1}.Debug|x64.ActiveCfg = Debug|x64
		{A84F7087-0F61-4F85-8E7E-645C535E2BA1}.Debug|x64.Build.0 = Debug|x64
		{A84F7087-0F61-4F85-8E7E-645C535E2BA1}.Release|x64.ActiveCfg = Release|x64
		{A84F7087-0F61-4F85-8E7E-645C535E2BA1}.Release|x64.Build.0 = Release|x64
		{BBBF9988-83AA-42A6-A548-4726774ACCB2}.Debug|x64.ActiveCfg = Debug|x64
		{BBBF9988-83AA-42A6-A548-4726774ACCB2}.Debug|x64.Build.0 = Debug|x64
		{BBBF9988-83AA-42A6-A548-4726774ACCB2}.Release|x64.ActiveCfg = Release|x64
		{BBBF9988-83AA-42A6-A548-4726774ACCB2}.Release|x64.Build.0 = Release|x64
		{3B11943E-6E95-4D2D-8069-F11EBA0AF049}.Debug|x64.ActiveCfg = Debug|x64
		{3B11943E-6E95-4D2D-8069-F11EBA0AF049}.Debug|x64.Build.0 = Debug|x64
		{3B11943E-6E95-4D2D-8069-F11EBA0AF049}.Release|x64.ActiveCfg = Release|x64
		{3B11943E-6E95-4D2D-8069-F11EBA0AF049}.Release|x64.Build.0 = Release|x64
		{9D0643BD-927B-488A-8AE8-2D7E2D173736}.Debug|x64.ActiveCfg = Debug|x64
		{9D0643BD-927B-488A-8AE8-2D7E2D173736}.Debug|x64.Build.0 = Debug|x64
		{9D0643BD-927B-488A-8AE8-2D7E2D173736}.Release|x64.ActiveCfg = Release|x64
		{9D0643BD-927B-488A-8AE8-2D7E2D173736}.Release|x64.Build.0 = Release|x64
		{C6D19B11-B9F3-4B39-B20A-52CC182C61A8}.Debug|x64.ActiveCfg = Debug|x64
		{C6D19B11-B9F3-4B39-B20A-52CC182C61A8}.Debug|x64.Build.0 = Debug|x64
		{C6D19B11-B9F3-4B39-B20A-52CC182C61A8}.Release|x64.ActiveCfg = Release|x64
		{C6D19B11-B9F3-4B39-B20A-52CC182C61A8}.Release|x64.Build.0 = Release|x64
	EndGlobalSection
	GlobalSection(SolutionProperties) = preSolution
		HideSolutionNode = FALSE
	EndGlobalSection
EndGlobal
